
Microsoft Visual Studio Solution File, Format Version 12.00
# Visual Studio Version 17
VisualStudioVersion = 17.5.33516.290
MinimumVisualStudioVersion = 10.0.40219.1
Project("{FAE04EC0-301F-11D3-BF4B-00C04F79EFBC}") = "Generatio", "Generatio\Generatio.csproj", "{955A22B4-59B5-4BCD-AE49-9DCC5D61350E}"
EndProject
Global
	GlobalSection(SolutionConfigurationPlatforms) = preSolution
		Debug|Any CPU = Debug|Any CPU
		Release|Any CPU = Release|Any CPU
	EndGlobalSection
	GlobalSection(ProjectConfigurationPlatforms) = postSolution
		{955A22B4-59B5-4BCD-AE49-9DCC5D61350E}.Debug|Any CPU.ActiveCfg = Debug|Any CPU
		{955A22B4-59B5-4BCD-AE49-9DCC5D61350E}.Debug|Any CPU.Build.0 = Debug|Any CPU
		{955A22B4-59B5-4BCD-AE49-9DCC5D61350E}.Release|Any CPU.ActiveCfg = Release|Any CPU
		{955A22B4-59B5-4BCD-AE49-9DCC5D61350E}.Release|Any CPU.Build.0 = Release|Any CPU
	EndGlobalSection
	GlobalSection(SolutionProperties) = preSolution
		HideSolutionNode = FALSE
	EndGlobalSection
	GlobalSection(ExtensibilityGlobals) = postSolution
		SolutionGuid = {5FBECFF6-39D2-4C99-B073-4BB3CFB1D59D}
	EndGlobalSection
EndGlobal
